
Microsoft Visual Studio Solution File, Format Version 12.00
# Visual Studio Version 17
VisualStudioVersion = 17.13.35825.156 d17.13
MinimumVisualStudioVersion = 10.0.40219.1
Project("{FAE04EC0-301F-11D3-BF4B-00C04F79EFBC}") = "SinavTakipUygulamasi", "SinavTakipUygulamasi\SinavTakipUygulamasi.csproj", "{405547E2-097F-4133-BC65-0FFE8B5F072D}"
EndProject
Global
	GlobalSection(SolutionConfigurationPlatforms) = preSolution
		Debug|Any CPU = Debug|Any CPU
		Release|Any CPU = Release|Any CPU
	EndGlobalSection
	GlobalSection(ProjectConfigurationPlatforms) = postSolution
		{405547E2-097F-4133-BC65-0FFE8B5F072D}.Debug|Any CPU.ActiveCfg = Debug|Any CPU
		{405547E2-097F-4133-BC65-0FFE8B5F072D}.Debug|Any CPU.Build.0 = Debug|Any CPU
		{405547E2-097F-4133-BC65-0FFE8B5F072D}.Release|Any CPU.ActiveCfg = Release|Any CPU
		{405547E2-097F-4133-BC65-0FFE8B5F072D}.Release|Any CPU.Build.0 = Release|Any CPU
	EndGlobalSection
	GlobalSection(SolutionProperties) = preSolution
		HideSolutionNode = FALSE
	EndGlobalSection
	GlobalSection(ExtensibilityGlobals) = postSolution
		SolutionGuid = {4E07A9F9-8EF0-4746-A339-2337901B8B48}
	EndGlobalSection
EndGlobal
